{
  "requires": true,
  "lockfileVersion": 1,
  "dependencies": {
    "@babel/runtime": {
      "version": "7.10.5",
      "resolved": "https://registry.npmjs.org/@babel/runtime/-/runtime-7.10.5.tgz",
      "integrity": "sha512-otddXKhdNn7d0ptoFRHtMLa8LqDxLYwTjB4nYgM1yy5N6gU/MUf8zqyyLltCH3yAVitBzmwK4us+DD0l/MauAg==",
      "requires": {
        "regenerator-runtime": "^0.13.4"
      }
    },
    "drei": {
      "version": "0.0.64",
      "resolved": "https://registry.npmjs.org/drei/-/drei-0.0.64.tgz",
      "integrity": "sha512-881WBgx6WYcIgB/ey3k/r9sZedfdITzFtMtBdzd7aiy4aA1U8e3eQuAOGLVczNxi3lik7MtfA+n4xQpyDVdHAw==",
      "requires": {
        "@babel/runtime": "^7.10.5",
        "lodash.omit": "^4.5.0",
        "lodash.pick": "^4.4.0",
        "postprocessing": "^6.16.0",
        "react-merge-refs": "^1.0.0",
        "stats.js": "^0.17.0",
        "troika-three-text": "^0.30.1",
        "utility-types": "^3.10.0"
      }
    },
    "lodash.omit": {
      "version": "4.5.0",
      "resolved": "https://registry.npmjs.org/lodash.omit/-/lodash.omit-4.5.0.tgz",
      "integrity": "sha1-brGa5aHuHdnfC5aeZs4Lf6MLXmA="
    },
    "lodash.pick": {
      "version": "4.4.0",
      "resolved": "https://registry.npmjs.org/lodash.pick/-/lodash.pick-4.4.0.tgz",
      "integrity": "sha1-UvBWEP/53tQiYRRB7R/BI6AwAbM="
    },
    "postprocessing": {
      "version": "6.16.0",
      "resolved": "https://registry.npmjs.org/postprocessing/-/postprocessing-6.16.0.tgz",
      "integrity": "sha512-hw79kzQjSiQhYlHTyRECJMotQ1yRhkzw9tHprxSJF0z/qMx5e9TS4jpAAQOfSbnIr+0vqQG2K0HO23JA/9t3hw=="
    },
    "react-merge-refs": {
      "version": "1.0.0",
      "resolved": "https://registry.npmjs.org/react-merge-refs/-/react-merge-refs-1.0.0.tgz",
      "integrity": "sha512-VkvWuCR5VoTjb+VYUcOjkFo66HDv1Hw8VjKcwQtWr2lJnT8g7epRRyfz8+Zkl2WhwqNeqR0gIe0XYrBa9ePeXg=="
    },
    "regenerator-runtime": {
      "version": "0.13.6",
      "resolved": "https://registry.npmjs.org/regenerator-runtime/-/regenerator-runtime-0.13.6.tgz",
      "integrity": "sha512-GmwlGiazQEbOwQWDdbbaP10i15pGtScYWLbMZuu+RKRz0cZ+g8IUONazBnaZqe7j1670IV1HgE4/8iy7CQPf4Q=="
    },
    "stats.js": {
      "version": "0.17.0",
      "resolved": "https://registry.npmjs.org/stats.js/-/stats.js-0.17.0.tgz",
      "integrity": "sha1-scPcRtlEmLV4t/05hbgaznExzH0="
    },
    "troika-three-text": {
      "version": "0.30.1",
      "resolved": "https://registry.npmjs.org/troika-three-text/-/troika-three-text-0.30.1.tgz",
      "integrity": "sha512-l96phWVY/S/vlZnehPxgKzDwo7j8Qf2JRWotlKKEE8ALa/WGPYEQv2eUwE82u28+PbEm8YbDHgDqFRE1b6RNmQ==",
      "requires": {
        "troika-three-utils": "^0.30.0",
        "troika-worker-utils": "^0.30.0"
      }
    },
    "troika-three-utils": {
      "version": "0.30.0",
      "resolved": "https://registry.npmjs.org/troika-three-utils/-/troika-three-utils-0.30.0.tgz",
      "integrity": "sha512-ZXTLb3tSCxbJEQyz4hwxYOx/Hrg9rzTrDSqGCmUTRXyOMOtZxrFeHTLBh2kblIb7JfhMUofj9vtRfIjt1UYYQA=="
    },
    "troika-worker-utils": {
      "version": "0.30.0",
      "resolved": "https://registry.npmjs.org/troika-worker-utils/-/troika-worker-utils-0.30.0.tgz",
      "integrity": "sha512-GpW0LK+KCdZQclP50ZdFlVviImeiqEC4I5CQF+sQurcOb9xC6cL5FyrdV1C4abtQ67G8ir3DA8+HktYi35whdg=="
    },
    "utility-types": {
      "version": "3.10.0",
      "resolved": "https://registry.npmjs.org/utility-types/-/utility-types-3.10.0.tgz",
      "integrity": "sha512-O11mqxmi7wMKCo6HKFt5AhO4BwY3VV68YU07tgxfz8zJTIxr4BpsezN49Ffwy9j3ZpwwJp4fkRwjRzq3uWE6Rg=="
    }
  }
}
